
Microsoft Visual Studio Solution File, Format Version 12.00
# Visual Studio Version 16
VisualStudioVersion = 16.0.29613.14
MinimumVisualStudioVersion = 10.0.40219.1
Project("{FAE04EC0-301F-11D3-BF4B-00C04F79EFBC}") = "authorization", "authorization.csproj", "{0723318C-E664-433E-969B-04FCAFF73C43}"
EndProject
Global
	GlobalSection(SolutionConfigurationPlatforms) = preSolution
		Debug|Any CPU = Debug|Any CPU
		Release|Any CPU = Release|Any CPU
	EndGlobalSection
	GlobalSection(ProjectConfigurationPlatforms) = postSolution
		{0723318C-E664-433E-969B-04FCAFF73C43}.Debug|Any CPU.ActiveCfg = Debug|Any CPU
		{0723318C-E664-433E-969B-04FCAFF73C43}.Debug|Any CPU.Build.0 = Debug|Any CPU
		{0723318C-E664-433E-969B-04FCAFF73C43}.Release|Any CPU.ActiveCfg = Release|Any CPU
		{0723318C-E664-433E-969B-04FCAFF73C43}.Release|Any CPU.Build.0 = Release|Any CPU
	EndGlobalSection
	GlobalSection(SolutionProperties) = preSolution
		HideSolutionNode = FALSE
	EndGlobalSection
	GlobalSection(ExtensibilityGlobals) = postSolution
		SolutionGuid = {201EC378-866E-4C18-B438-1E54D068730B}
	EndGlobalSection
EndGlobal
